
Microsoft Visual Studio Solution File, Format Version 12.00
# Visual Studio 15
VisualStudioVersion = 15.0.26403.7
MinimumVisualStudioVersion = 10.0.40219.1
Project("{FAE04EC0-301F-11D3-BF4B-00C04F79EFBC}") = "Zhu", "Zhu\Zhu.csproj", "{230E0545-73BE-49D4-82C5-6C9EE3820C15}"
EndProject
Global
	GlobalSection(SolutionConfigurationPlatforms) = preSolution
		AppVeyor|Any CPU = AppVeyor|Any CPU
		Debug|Any CPU = Debug|Any CPU
		Release|Any CPU = Release|Any CPU
	EndGlobalSection
	GlobalSection(ProjectConfigurationPlatforms) = postSolution
		{230E0545-73BE-49D4-82C5-6C9EE3820C15}.AppVeyor|Any CPU.ActiveCfg = Release|Any CPU
		{230E0545-73BE-49D4-82C5-6C9EE3820C15}.AppVeyor|Any CPU.Build.0 = Release|Any CPU
		{230E0545-73BE-49D4-82C5-6C9EE3820C15}.Debug|Any CPU.ActiveCfg = Debug|Any CPU
		{230E0545-73BE-49D4-82C5-6C9EE3820C15}.Debug|Any CPU.Build.0 = Debug|Any CPU
		{230E0545-73BE-49D4-82C5-6C9EE3820C15}.Release|Any CPU.ActiveCfg = Release|Any CPU
		{230E0545-73BE-49D4-82C5-6C9EE3820C15}.Release|Any CPU.Build.0 = Release|Any CPU
	EndGlobalSection
	GlobalSection(SolutionProperties) = preSolution
		HideSolutionNode = FALSE
	EndGlobalSection
	GlobalSection(ExtensibilityGlobals) = postSolution
		SolutionGuid = {AF166E5F-7B53-4844-A78B-879A7FB0A855}
	EndGlobalSection
EndGlobal
